
Microsoft Visual Studio Solution File, Format Version 12.00
# Visual Studio Version 17
VisualStudioVersion = 17.13.35825.156 d17.13
MinimumVisualStudioVersion = 10.0.40219.1
Project("{8BC9CEB8-8B4A-11D0-8D11-00A0C91BC942}") = "fot", "fot\fot.vcxproj", "{ADE4E227-9B29-884B-F871-C6C24852F434}"
EndProject
Project("{8BC9CEB8-8B4A-11D0-8D11-00A0C91BC942}") = "fot_user", "fot_user\fot_user.vcxproj", "{D9CB3435-A084-4BF9-A60E-B689FC4C5D6D}"
EndProject
Global
	GlobalSection(SolutionConfigurationPlatforms) = preSolution
		Debug|ARM64 = Debug|ARM64
		Debug|x64 = Debug|x64
		Release|ARM64 = Release|ARM64
		Release|x64 = Release|x64
	EndGlobalSection
	GlobalSection(ProjectConfigurationPlatforms) = postSolution
		{ADE4E227-9B29-884B-F871-C6C24852F434}.Debug|ARM64.ActiveCfg = Debug|ARM64
		{ADE4E227-9B29-884B-F871-C6C24852F434}.Debug|ARM64.Build.0 = Debug|ARM64
		{ADE4E227-9B29-884B-F871-C6C24852F434}.Debug|ARM64.Deploy.0 = Debug|ARM64
		{ADE4E227-9B29-884B-F871-C6C24852F434}.Debug|x64.ActiveCfg = Debug|x64
		{ADE4E227-9B29-884B-F871-C6C24852F434}.Debug|x64.Build.0 = Debug|x64
		{ADE4E227-9B29-884B-F871-C6C24852F434}.Debug|x64.Deploy.0 = Debug|x64
		{ADE4E227-9B29-884B-F871-C6C24852F434}.Release|ARM64.ActiveCfg = Release|ARM64
		{ADE4E227-9B29-884B-F871-C6C24852F434}.Release|ARM64.Build.0 = Release|ARM64
		{ADE4E227-9B29-884B-F871-C6C24852F434}.Release|ARM64.Deploy.0 = Release|ARM64
		{ADE4E227-9B29-884B-F871-C6C24852F434}.Release|x64.ActiveCfg = Release|x64
		{ADE4E227-9B29-884B-F871-C6C24852F434}.Release|x64.Build.0 = Release|x64
		{ADE4E227-9B29-884B-F871-C6C24852F434}.Release|x64.Deploy.0 = Release|x64
		{D9CB3435-A084-4BF9-A60E-B689FC4C5D6D}.Debug|ARM64.ActiveCfg = Debug|x64
		{D9CB3435-A084-4BF9-A60E-B689FC4C5D6D}.Debug|ARM64.Build.0 = Debug|x64
		{D9CB3435-A084-4BF9-A60E-B689FC4C5D6D}.Debug|x64.ActiveCfg = Debug|x64
		{D9CB3435-A084-4BF9-A60E-B689FC4C5D6D}.Debug|x64.Build.0 = Debug|x64
		{D9CB3435-A084-4BF9-A60E-B689FC4C5D6D}.Release|ARM64.ActiveCfg = Release|x64
		{D9CB3435-A084-4BF9-A60E-B689FC4C5D6D}.Release|ARM64.Build.0 = Release|x64
		{D9CB3435-A084-4BF9-A60E-B689FC4C5D6D}.Release|x64.ActiveCfg = Release|x64
		{D9CB3435-A084-4BF9-A60E-B689FC4C5D6D}.Release|x64.Build.0 = Release|x64
	EndGlobalSection
	GlobalSection(SolutionProperties) = preSolution
		HideSolutionNode = FALSE
	EndGlobalSection
	GlobalSection(ExtensibilityGlobals) = postSolution
		SolutionGuid = {671C7D8D-AC28-408F-AD5E-B71715E30AC6}
	EndGlobalSection
EndGlobal
